// !$*UTF8*$!
{
	archiveVersion = 1;
	classes = {
	};
	objectVersion = 46;
	objects = {

/* Begin PBXBuildFile section */
		53040CD71AC9529E00FB1B0F /* Images.xcassets in Resources */ = {isa = PBXBuildFile; fileRef = 53040CD61AC9529E00FB1B0F /* Images.xcassets */; };
		53040CDA1AC9529E00FB1B0F /* LaunchScreen.xib in Resources */ = {isa = PBXBuildFile; fileRef = 53040CD81AC9529E00FB1B0F /* LaunchScreen.xib */; };
		53040CE61AC9529E00FB1B0F /* ZZSetCardTests.m in Sources */ = {isa = PBXBuildFile; fileRef = 53040CE51AC9529E00FB1B0F /* ZZSetCardTests.m */; };
		53040CF31AC9537C00FB1B0F /* AppDelegate.m in Sources */ = {isa = PBXBuildFile; fileRef = 53040CF01AC9537C00FB1B0F /* AppDelegate.m */; };
		53040CF51AC9537C00FB1B0F /* main.m in Sources */ = {isa = PBXBuildFile; fileRef = 53040CF21AC9537C00FB1B0F /* main.m */; };
		53040CF71AC953AB00FB1B0F /* Info.plist in Resources */ = {isa = PBXBuildFile; fileRef = 53040CF61AC953AB00FB1B0F /* Info.plist */; };
		53040CFB1AC953D600FB1B0F /* MainViewController.m in Sources */ = {isa = PBXBuildFile; fileRef = 53040CF91AC953D600FB1B0F /* MainViewController.m */; };
		53040CFC1AC953D600FB1B0F /* MainViewController.xib in Resources */ = {isa = PBXBuildFile; fileRef = 53040CFA1AC953D600FB1B0F /* MainViewController.xib */; };
		535B97DC1AC9551C001652FD /* Button.png in Resources */ = {isa = PBXBuildFile; fileRef = 535B97B51AC9551C001652FD /* Button.png */; };
		535B97DD1AC9551C001652FD /* Button@2x.png in Resources */ = {isa = PBXBuildFile; fileRef = 535B97B61AC9551C001652FD /* Button@2x.png */; };
		535B97DE1AC9551C001652FD /* ButtonPressed.png in Resources */ = {isa = PBXBuildFile; fileRef = 535B97B71AC9551C001652FD /* ButtonPressed.png */; };
		535B97DF1AC9551C001652FD /* ButtonPressed@2x.png in Resources */ = {isa = PBXBuildFile; fileRef = 535B97B81AC9551C001652FD /* ButtonPressed@2x.png */; };
		535B97E01AC9551C001652FD /* CellBackground.png in Resources */ = {isa = PBXBuildFile; fileRef = 535B97B91AC9551C001652FD /* CellBackground.png */; };
		535B97E11AC9551C001652FD /* CellBackground@2x.png in Resources */ = {isa = PBXBuildFile; fileRef = 535B97BA1AC9551C001652FD /* CellBackground@2x.png */; };
		535B97E21AC9551C001652FD /* CellBackgroundSelected.png in Resources */ = {isa = PBXBuildFile; fileRef = 535B97BB1AC9551C001652FD /* CellBackgroundSelected.png */; };
		535B97E31AC9551C001652FD /* CellBackgroundSelected@2x.png in Resources */ = {isa = PBXBuildFile; fileRef = 535B97BC1AC9551C001652FD /* CellBackgroundSelected@2x.png */; };
		535B97E41AC9551C001652FD /* Default.png in Resources */ = {isa = PBXBuildFile; fileRef = 535B97BD1AC9551C001652FD /* Default.png */; };
		535B97E51AC9551C001652FD /* Default@2x.png in Resources */ = {isa = PBXBuildFile; fileRef = 535B97BE1AC9551C001652FD /* Default@2x.png */; };
		535B97E61AC9551C001652FD /* ExitButton.png in Resources */ = {isa = PBXBuildFile; fileRef = 535B97BF1AC9551C001652FD /* ExitButton.png */; };
		535B97E71AC9551C001652FD /* ExitButton@2x.png in Resources */ = {isa = PBXBuildFile; fileRef = 535B97C01AC9551C001652FD /* ExitButton@2x.png */; };
		535B97E81AC9551C001652FD /* ExitButtonPressed.png in Resources */ = {isa = PBXBuildFile; fileRef = 535B97C11AC9551C001652FD /* ExitButtonPressed.png */; };
		535B97E91AC9551C001652FD /* ExitButtonPressed@2x.png in Resources */ = {isa = PBXBuildFile; fileRef = 535B97C21AC9551C001652FD /* ExitButtonPressed@2x.png */; };
		535B97EA1AC9551C001652FD /* Felt.png in Resources */ = {isa = PBXBuildFile; fileRef = 535B97C31AC9551C001652FD /* Felt.png */; };
		535B97EB1AC9551C001652FD /* Felt@2x.png in Resources */ = {isa = PBXBuildFile; fileRef = 535B97C41AC9551C001652FD /* Felt@2x.png */; };
		535B97EC1AC9551C001652FD /* Icon-72.png in Resources */ = {isa = PBXBuildFile; fileRef = 535B97C51AC9551C001652FD /* Icon-72.png */; };
		535B97ED1AC9551C001652FD /* Icon-72@2x.png in Resources */ = {isa = PBXBuildFile; fileRef = 535B97C61AC9551C001652FD /* Icon-72@2x.png */; };
		535B97EE1AC9551C001652FD /* Icon-Small-50.png in Resources */ = {isa = PBXBuildFile; fileRef = 535B97C71AC9551C001652FD /* Icon-Small-50.png */; };
		535B97EF1AC9551C001652FD /* Icon-Small-50@2x.png in Resources */ = {isa = PBXBuildFile; fileRef = 535B97C81AC9551C001652FD /* Icon-Small-50@2x.png */; };
		535B97F01AC9551C001652FD /* Icon-Small.png in Resources */ = {isa = PBXBuildFile; fileRef = 535B97C91AC9551C001652FD /* Icon-Small.png */; };
		535B97F11AC9551C001652FD /* Icon-Small@2x.png in Resources */ = {isa = PBXBuildFile; fileRef = 535B97CA1AC9551C001652FD /* Icon-Small@2x.png */; };
		535B97F21AC9551C001652FD /* Icon.png in Resources */ = {isa = PBXBuildFile; fileRef = 535B97CB1AC9551C001652FD /* Icon.png */; };
		535B97F31AC9551C001652FD /* Icon@2x.png in Resources */ = {isa = PBXBuildFile; fileRef = 535B97CC1AC9551C001652FD /* Icon@2x.png */; };
		535B97F41AC9551C001652FD /* iTunesArtwork in Resources */ = {isa = PBXBuildFile; fileRef = 535B97CD1AC9551C001652FD /* iTunesArtwork */; };
		535B97F51AC9551C001652FD /* Logo A.png in Resources */ = {isa = PBXBuildFile; fileRef = 535B97CE1AC9551C001652FD /* Logo A.png */; };
		535B97F61AC9551C001652FD /* Logo A@2x.png in Resources */ = {isa = PBXBuildFile; fileRef = 535B97CF1AC9551C001652FD /* Logo A@2x.png */; };
		535B97F71AC9551C001652FD /* Logo Joker.png in Resources */ = {isa = PBXBuildFile; fileRef = 535B97D01AC9551C001652FD /* Logo Joker.png */; };
		535B97F81AC9551C001652FD /* Logo Joker@2x.png in Resources */ = {isa = PBXBuildFile; fileRef = 535B97D11AC9551C001652FD /* Logo Joker@2x.png */; };
		535B97F91AC9551C001652FD /* Logo N.png in Resources */ = {isa = PBXBuildFile; fileRef = 535B97D21AC9551C001652FD /* Logo N.png */; };
		535B97FA1AC9551C001652FD /* Logo N@2x.png in Resources */ = {isa = PBXBuildFile; fileRef = 535B97D31AC9551C001652FD /* Logo N@2x.png */; };
		535B97FB1AC9551C001652FD /* Logo P.png in Resources */ = {isa = PBXBuildFile; fileRef = 535B97D41AC9551C001652FD /* Logo P.png */; };
		535B97FC1AC9551C001652FD /* Logo P@2x.png in Resources */ = {isa = PBXBuildFile; fileRef = 535B97D51AC9551C001652FD /* Logo P@2x.png */; };
		535B97FD1AC9551C001652FD /* Logo S.png in Resources */ = {isa = PBXBuildFile; fileRef = 535B97D61AC9551C001652FD /* Logo S.png */; };
		535B97FE1AC9551C001652FD /* Logo S@2x.png in Resources */ = {isa = PBXBuildFile; fileRef = 535B97D71AC9551C001652FD /* Logo S@2x.png */; };
		535B97FF1AC9551C001652FD /* TableViewBorder.png in Resources */ = {isa = PBXBuildFile; fileRef = 535B97D81AC9551C001652FD /* TableViewBorder.png */; };
		535B98001AC9551C001652FD /* TableViewBorder@2x.png in Resources */ = {isa = PBXBuildFile; fileRef = 535B97D91AC9551C001652FD /* TableViewBorder@2x.png */; };
		535B98011AC9551C001652FD /* TextField.png in Resources */ = {isa = PBXBuildFile; fileRef = 535B97DA1AC9551C001652FD /* TextField.png */; };
		535B98021AC9551C001652FD /* TextField@2x.png in Resources */ = {isa = PBXBuildFile; fileRef = 535B97DB1AC9551C001652FD /* TextField@2x.png */; };
/* End PBXBuildFile section */

/* Begin PBXContainerItemProxy section */
		53040CE01AC9529E00FB1B0F /* PBXContainerItemProxy */ = {
			isa = PBXContainerItemProxy;
			containerPortal = 53040CBE1AC9529E00FB1B0F /* Project object */;
			proxyType = 1;
			remoteGlobalIDString = 53040CC51AC9529E00FB1B0F;
			remoteInfo = ZZSetCard;
		};
/* End PBXContainerItemProxy section */

/* Begin PBXFileReference section */
		53040CC61AC9529E00FB1B0F /* ZZSetCard.app */ = {isa = PBXFileReference; explicitFileType = wrapper.application; includeInIndex = 0; path = ZZSetCard.app; sourceTree = BUILT_PRODUCTS_DIR; };
		53040CD61AC9529E00FB1B0F /* Images.xcassets */ = {isa = PBXFileReference; lastKnownFileType = folder.assetcatalog; path = Images.xcassets; sourceTree = "<group>"; };
		53040CD91AC9529E00FB1B0F /* Base */ = {isa = PBXFileReference; lastKnownFileType = file.xib; name = Base; path = Base.lproj/LaunchScreen.xib; sourceTree = "<group>"; };
		53040CDF1AC9529E00FB1B0F /* ZZSetCardTests.xctest */ = {isa = PBXFileReference; explicitFileType = wrapper.cfbundle; includeInIndex = 0; path = ZZSetCardTests.xctest; sourceTree = BUILT_PRODUCTS_DIR; };
		53040CE41AC9529E00FB1B0F /* Info.plist */ = {isa = PBXFileReference; lastKnownFileType = text.plist.xml; path = Info.plist; sourceTree = "<group>"; };
		53040CE51AC9529E00FB1B0F /* ZZSetCardTests.m */ = {isa = PBXFileReference; lastKnownFileType = sourcecode.c.objc; path = ZZSetCardTests.m; sourceTree = "<group>"; };
		53040CEF1AC9537C00FB1B0F /* AppDelegate.h */ = {isa = PBXFileReference; fileEncoding = 4; lastKnownFileType = sourcecode.c.h; name = AppDelegate.h; path = "Supporting Files/AppDelegate.h"; sourceTree = "<group>"; };
		53040CF01AC9537C00FB1B0F /* AppDelegate.m */ = {isa = PBXFileReference; fileEncoding = 4; lastKnownFileType = sourcecode.c.objc; name = AppDelegate.m; path = "Supporting Files/AppDelegate.m"; sourceTree = "<group>"; };
		53040CF21AC9537C00FB1B0F /* main.m */ = {isa = PBXFileReference; fileEncoding = 4; lastKnownFileType = sourcecode.c.objc; name = main.m; path = "Supporting Files/main.m"; sourceTree = "<group>"; };
		53040CF61AC953AB00FB1B0F /* Info.plist */ = {isa = PBXFileReference; fileEncoding = 4; lastKnownFileType = text.plist.xml; path = Info.plist; sourceTree = "<group>"; };
		53040CF81AC953D600FB1B0F /* MainViewController.h */ = {isa = PBXFileReference; fileEncoding = 4; lastKnownFileType = sourcecode.c.h; name = MainViewController.h; path = Controller/MainViewController.h; sourceTree = "<group>"; };
		53040CF91AC953D600FB1B0F /* MainViewController.m */ = {isa = PBXFileReference; fileEncoding = 4; lastKnownFileType = sourcecode.c.objc; name = MainViewController.m; path = Controller/MainViewController.m; sourceTree = "<group>"; };
		53040CFA1AC953D600FB1B0F /* MainViewController.xib */ = {isa = PBXFileReference; fileEncoding = 4; lastKnownFileType = file.xib; name = MainViewController.xib; path = Controller/MainViewController.xib; sourceTree = "<group>"; };
		535B97B51AC9551C001652FD /* Button.png */ = {isa = PBXFileReference; lastKnownFileType = image.png; path = Button.png; sourceTree = "<group>"; };
		535B97B61AC9551C001652FD /* Button@2x.png */ = {isa = PBXFileReference; lastKnownFileType = image.png; path = "Button@2x.png"; sourceTree = "<group>"; };
		535B97B71AC9551C001652FD /* ButtonPressed.png */ = {isa = PBXFileReference; lastKnownFileType = image.png; path = ButtonPressed.png; sourceTree = "<group>"; };
		535B97B81AC9551C001652FD /* ButtonPressed@2x.png */ = {isa = PBXFileReference; lastKnownFileType = image.png; path = "ButtonPressed@2x.png"; sourceTree = "<group>"; };
		535B97B91AC9551C001652FD /* CellBackground.png */ = {isa = PBXFileReference; lastKnownFileType = image.png; path = CellBackground.png; sourceTree = "<group>"; };
		535B97BA1AC9551C001652FD /* CellBackground@2x.png */ = {isa = PBXFileReference; lastKnownFileType = image.png; path = "CellBackground@2x.png"; sourceTree = "<group>"; };
		535B97BB1AC9551C001652FD /* CellBackgroundSelected.png */ = {isa = PBXFileReference; lastKnownFileType = image.png; path = CellBackgroundSelected.png; sourceTree = "<group>"; };
		535B97BC1AC9551C001652FD /* CellBackgroundSelected@2x.png */ = {isa = PBXFileReference; lastKnownFileType = image.png; path = "CellBackgroundSelected@2x.png"; sourceTree = "<group>"; };
		535B97BD1AC9551C001652FD /* Default.png */ = {isa = PBXFileReference; lastKnownFileType = image.png; path = Default.png; sourceTree = "<group>"; };
		535B97BE1AC9551C001652FD /* Default@2x.png */ = {isa = PBXFileReference; lastKnownFileType = image.png; path = "Default@2x.png"; sourceTree = "<group>"; };
		535B97BF1AC9551C001652FD /* ExitButton.png */ = {isa = PBXFileReference; lastKnownFileType = image.png; path = ExitButton.png; sourceTree = "<group>"; };
		535B97C01AC9551C001652FD /* ExitButton@2x.png */ = {isa = PBXFileReference; lastKnownFileType = image.png; path = "ExitButton@2x.png"; sourceTree = "<group>"; };
		535B97C11AC9551C001652FD /* ExitButtonPressed.png */ = {isa = PBXFileReference; lastKnownFileType = image.png; path = ExitButtonPressed.png; sourceTree = "<group>"; };
		535B97C21AC9551C001652FD /* ExitButtonPressed@2x.png */ = {isa = PBXFileReference; lastKnownFileType = image.png; path = "ExitButtonPressed@2x.png"; sourceTree = "<group>"; };
		535B97C31AC9551C001652FD /* Felt.png */ = {isa = PBXFileReference; lastKnownFileType = image.png; path = Felt.png; sourceTree = "<group>"; };
		535B97C41AC9551C001652FD /* Felt@2x.png */ = {isa = PBXFileReference; lastKnownFileType = image.png; path = "Felt@2x.png"; sourceTree = "<group>"; };
		535B97C51AC9551C001652FD /* Icon-72.png */ = {isa = PBXFileReference; lastKnownFileType = image.png; path = "Icon-72.png"; sourceTree = "<group>"; };
		535B97C61AC9551C001652FD /* Icon-72@2x.png */ = {isa = PBXFileReference; lastKnownFileType = image.png; path = "Icon-72@2x.png"; sourceTree = "<group>"; };
		535B97C71AC9551C001652FD /* Icon-Small-50.png */ = {isa = PBXFileReference; lastKnownFileType = image.png; path = "Icon-Small-50.png"; sourceTree = "<group>"; };
		535B97C81AC9551C001652FD /* Icon-Small-50@2x.png */ = {isa = PBXFileReference; lastKnownFileType = image.png; path = "Icon-Small-50@2x.png"; sourceTree = "<group>"; };
		535B97C91AC9551C001652FD /* Icon-Small.png */ = {isa = PBXFileReference; lastKnownFileType = image.png; path = "Icon-Small.png"; sourceTree = "<group>"; };
		535B97CA1AC9551C001652FD /* Icon-Small@2x.png */ = {isa = PBXFileReference; lastKnownFileType = image.png; path = "Icon-Small@2x.png"; sourceTree = "<group>"; };
		535B97CB1AC9551C001652FD /* Icon.png */ = {isa = PBXFileReference; lastKnownFileType = image.png; path = Icon.png; sourceTree = "<group>"; };
		535B97CC1AC9551C001652FD /* Icon@2x.png */ = {isa = PBXFileReference; lastKnownFileType = image.png; path = "Icon@2x.png"; sourceTree = "<group>"; };
		535B97CD1AC9551C001652FD /* iTunesArtwork */ = {isa = PBXFileReference; lastKnownFileType = file; path = iTunesArtwork; sourceTree = "<group>"; };
		535B97CE1AC9551C001652FD /* Logo A.png */ = {isa = PBXFileReference; lastKnownFileType = image.png; path = "Logo A.png"; sourceTree = "<group>"; };
		535B97CF1AC9551C001652FD /* Logo A@2x.png */ = {isa = PBXFileReference; lastKnownFileType = image.png; path = "Logo A@2x.png"; sourceTree = "<group>"; };
		535B97D01AC9551C001652FD /* Logo Joker.png */ = {isa = PBXFileReference; lastKnownFileType = image.png; path = "Logo Joker.png"; sourceTree = "<group>"; };
		535B97D11AC9551C001652FD /* Logo Joker@2x.png */ = {isa = PBXFileReference; lastKnownFileType = image.png; path = "Logo Joker@2x.png"; sourceTree = "<group>"; };
		535B97D21AC9551C001652FD /* Logo N.png */ = {isa = PBXFileReference; lastKnownFileType = image.png; path = "Logo N.png"; sourceTree = "<group>"; };
		535B97D31AC9551C001652FD /* Logo N@2x.png */ = {isa = PBXFileReference; lastKnownFileType = image.png; path = "Logo N@2x.png"; sourceTree = "<group>"; };
		535B97D41AC9551C001652FD /* Logo P.png */ = {isa = PBXFileReference; lastKnownFileType = image.png; path = "Logo P.png"; sourceTree = "<group>"; };
		535B97D51AC9551C001652FD /* Logo P@2x.png */ = {isa = PBXFileReference; lastKnownFileType = image.png; path = "Logo P@2x.png"; sourceTree = "<group>"; };
		535B97D61AC9551C001652FD /* Logo S.png */ = {isa = PBXFileReference; lastKnownFileType = image.png; path = "Logo S.png"; sourceTree = "<group>"; };
		535B97D71AC9551C001652FD /* Logo S@2x.png */ = {isa = PBXFileReference; lastKnownFileType = image.png; path = "Logo S@2x.png"; sourceTree = "<group>"; };
		535B97D81AC9551C001652FD /* TableViewBorder.png */ = {isa = PBXFileReference; lastKnownFileType = image.png; path = TableViewBorder.png; sourceTree = "<group>"; };
		535B97D91AC9551C001652FD /* TableViewBorder@2x.png */ = {isa = PBXFileReference; lastKnownFileType = image.png; path = "TableViewBorder@2x.png"; sourceTree = "<group>"; };
		535B97DA1AC9551C001652FD /* TextField.png */ = {isa = PBXFileReference; lastKnownFileType = image.png; path = TextField.png; sourceTree = "<group>"; };
		535B97DB1AC9551C001652FD /* TextField@2x.png */ = {isa = PBXFileReference; lastKnownFileType = image.png; path = "TextField@2x.png"; sourceTree = "<group>"; };
		535B98031AC95980001652FD /* MyPH.pch */ = {isa = PBXFileReference; fileEncoding = 4; lastKnownFileType = sourcecode.c.h; path = MyPH.pch; sourceTree = "<group>"; };
/* End PBXFileReference section */

/* Begin PBXFrameworksBuildPhase section */
		53040CC31AC9529E00FB1B0F /* Frameworks */ = {
			isa = PBXFrameworksBuildPhase;
			buildActionMask = 2147483647;
			files = (
			);
			runOnlyForDeploymentPostprocessing = 0;
		};
		53040CDC1AC9529E00FB1B0F /* Frameworks */ = {
			isa = PBXFrameworksBuildPhase;
			buildActionMask = 2147483647;
			files = (
			);
			runOnlyForDeploymentPostprocessing = 0;
		};
/* End PBXFrameworksBuildPhase section */

/* Begin PBXGroup section */
		53040CBD1AC9529E00FB1B0F = {
			isa = PBXGroup;
			children = (
				53040CC81AC9529E00FB1B0F /* ZZSetCard */,
				535B97B41AC9551C001652FD /* Images */,
				53040CE21AC9529E00FB1B0F /* ZZSetCardTests */,
				53040CC71AC9529E00FB1B0F /* Products */,
			);
			sourceTree = "<group>";
		};
		53040CC71AC9529E00FB1B0F /* Products */ = {
			isa = PBXGroup;
			children = (
				53040CC61AC9529E00FB1B0F /* ZZSetCard.app */,
				53040CDF1AC9529E00FB1B0F /* ZZSetCardTests.xctest */,
			);
			name = Products;
			sourceTree = "<group>";
		};
		53040CC81AC9529E00FB1B0F /* ZZSetCard */ = {
			isa = PBXGroup;
			children = (
				53040CFD1AC953DD00FB1B0F /* Controllers */,
				53040CC91AC9529E00FB1B0F /* Supporting Files */,
			);
			path = ZZSetCard;
			sourceTree = "<group>";
		};
		53040CC91AC9529E00FB1B0F /* Supporting Files */ = {
			isa = PBXGroup;
			children = (
				53040CEF1AC9537C00FB1B0F /* AppDelegate.h */,
				53040CF01AC9537C00FB1B0F /* AppDelegate.m */,
				53040CD61AC9529E00FB1B0F /* Images.xcassets */,
				53040CD81AC9529E00FB1B0F /* LaunchScreen.xib */,
				53040CF21AC9537C00FB1B0F /* main.m */,
				53040CF61AC953AB00FB1B0F /* Info.plist */,
				535B98031AC95980001652FD /* MyPH.pch */,
			);
			name = "Supporting Files";
			sourceTree = "<group>";
		};
		53040CE21AC9529E00FB1B0F /* ZZSetCardTests */ = {
			isa = PBXGroup;
			children = (
				53040CE51AC9529E00FB1B0F /* ZZSetCardTests.m */,
				53040CE31AC9529E00FB1B0F /* Supporting Files */,
			);
			path = ZZSetCardTests;
			sourceTree = "<group>";
		};
		53040CE31AC9529E00FB1B0F /* Supporting Files */ = {
			isa = PBXGroup;
			children = (
				53040CE41AC9529E00FB1B0F /* Info.plist */,
			);
			name = "Supporting Files";
			sourceTree = "<group>";
		};
		53040CFD1AC953DD00FB1B0F /* Controllers */ = {
			isa = PBXGroup;
			children = (
				53040CF81AC953D600FB1B0F /* MainViewController.h */,
				53040CF91AC953D600FB1B0F /* MainViewController.m */,
				53040CFA1AC953D600FB1B0F /* MainViewController.xib */,
			);
			name = Controllers;
			sourceTree = "<group>";
		};
		535B97B41AC9551C001652FD /* Images */ = {
			isa = PBXGroup;
			children = (
				535B97B51AC9551C001652FD /* Button.png */,
				535B97B61AC9551C001652FD /* Button@2x.png */,
				535B97B71AC9551C001652FD /* ButtonPressed.png */,
				535B97B81AC9551C001652FD /* ButtonPressed@2x.png */,
				535B97B91AC9551C001652FD /* CellBackground.png */,
				535B97BA1AC9551C001652FD /* CellBackground@2x.png */,
				535B97BB1AC9551C001652FD /* CellBackgroundSelected.png */,
				535B97BC1AC9551C001652FD /* CellBackgroundSelected@2x.png */,
				535B97BD1AC9551C001652FD /* Default.png */,
				535B97BE1AC9551C001652FD /* Default@2x.png */,
				535B97BF1AC9551C001652FD /* ExitButton.png */,
				535B97C01AC9551C001652FD /* ExitButton@2x.png */,
				535B97C11AC9551C001652FD /* ExitButtonPressed.png */,
				535B97C21AC9551C001652FD /* ExitButtonPressed@2x.png */,
				535B97C31AC9551C001652FD /* Felt.png */,
				535B97C41AC9551C001652FD /* Felt@2x.png */,
				535B97C51AC9551C001652FD /* Icon-72.png */,
				535B97C61AC9551C001652FD /* Icon-72@2x.png */,
				535B97C71AC9551C001652FD /* Icon-Small-50.png */,
				535B97C81AC9551C001652FD /* Icon-Small-50@2x.png */,
				535B97C91AC9551C001652FD /* Icon-Small.png */,
				535B97CA1AC9551C001652FD /* Icon-Small@2x.png */,
				535B97CB1AC9551C001652FD /* Icon.png */,
				535B97CC1AC9551C001652FD /* Icon@2x.png */,
				535B97CD1AC9551C001652FD /* iTunesArtwork */,
				535B97CE1AC9551C001652FD /* Logo A.png */,
				535B97CF1AC9551C001652FD /* Logo A@2x.png */,
				535B97D01AC9551C001652FD /* Logo Joker.png */,
				535B97D11AC9551C001652FD /* Logo Joker@2x.png */,
				535B97D21AC9551C001652FD /* Logo N.png */,
				535B97D31AC9551C001652FD /* Logo N@2x.png */,
				535B97D41AC9551C001652FD /* Logo P.png */,
				535B97D51AC9551C001652FD /* Logo P@2x.png */,
				535B97D61AC9551C001652FD /* Logo S.png */,
				535B97D71AC9551C001652FD /* Logo S@2x.png */,
				535B97D81AC9551C001652FD /* TableViewBorder.png */,
				535B97D91AC9551C001652FD /* TableViewBorder@2x.png */,
				535B97DA1AC9551C001652FD /* TextField.png */,
				535B97DB1AC9551C001652FD /* TextField@2x.png */,
			);
			name = Images;
			path = ZZSetCard/Images;
			sourceTree = "<group>";
		};
/* End PBXGroup section */

/* Begin PBXNativeTarget section */
		53040CC51AC9529E00FB1B0F /* ZZSetCard */ = {
			isa = PBXNativeTarget;
			buildConfigurationList = 53040CE91AC9529E00FB1B0F /* Build configuration list for PBXNativeTarget "ZZSetCard" */;
			buildPhases = (
				53040CC21AC9529E00FB1B0F /* Sources */,
				53040CC31AC9529E00FB1B0F /* Frameworks */,
				53040CC41AC9529E00FB1B0F /* Resources */,
			);
			buildRules = (
			);
			dependencies = (
			);
			name = ZZSetCard;
			productName = ZZSetCard;
			productReference = 53040CC61AC9529E00FB1B0F /* ZZSetCard.app */;
			productType = "com.apple.product-type.application";
		};
		53040CDE1AC9529E00FB1B0F /* ZZSetCardTests */ = {
			isa = PBXNativeTarget;
			buildConfigurationList = 53040CEC1AC9529E00FB1B0F /* Build configuration list for PBXNativeTarget "ZZSetCardTests" */;
			buildPhases = (
				53040CDB1AC9529E00FB1B0F /* Sources */,
				53040CDC1AC9529E00FB1B0F /* Frameworks */,
				53040CDD1AC9529E00FB1B0F /* Resources */,
			);
			buildRules = (
			);
			dependencies = (
				53040CE11AC9529E00FB1B0F /* PBXTargetDependency */,
			);
			name = ZZSetCardTests;
			productName = ZZSetCardTests;
			productReference = 53040CDF1AC9529E00FB1B0F /* ZZSetCardTests.xctest */;
			productType = "com.apple.product-type.bundle.unit-test";
		};
/* End PBXNativeTarget section */

/* Begin PBXProject section */
		53040CBE1AC9529E00FB1B0F /* Project object */ = {
			isa = PBXProject;
			attributes = {
				LastUpgradeCheck = 0620;
				ORGANIZATIONNAME = "Zhu Dengquan";
				TargetAttributes = {
					53040CC51AC9529E00FB1B0F = {
						CreatedOnToolsVersion = 6.2;
					};
					53040CDE1AC9529E00FB1B0F = {
						CreatedOnToolsVersion = 6.2;
						TestTargetID = 53040CC51AC9529E00FB1B0F;
					};
				};
			};
			buildConfigurationList = 53040CC11AC9529E00FB1B0F /* Build configuration list for PBXProject "ZZSetCard" */;
			compatibilityVersion = "Xcode 3.2";
			developmentRegion = English;
			hasScannedForEncodings = 0;
			knownRegions = (
				en,
				Base,
			);
			mainGroup = 53040CBD1AC9529E00FB1B0F;
			productRefGroup = 53040CC71AC9529E00FB1B0F /* Products */;
			projectDirPath = "";
			projectRoot = "";
			targets = (
				53040CC51AC9529E00FB1B0F /* ZZSetCard */,
				53040CDE1AC9529E00FB1B0F /* ZZSetCardTests */,
			);
		};
/* End PBXProject section */

/* Begin PBXResourcesBuildPhase section */
		53040CC41AC9529E00FB1B0F /* Resources */ = {
			isa = PBXResourcesBuildPhase;
			buildActionMask = 2147483647;
			files = (
				535B97F21AC9551C001652FD /* Icon.png in Resources */,
				535B97E81AC9551C001652FD /* ExitButtonPressed.png in Resources */,
				535B97DD1AC9551C001652FD /* Button@2x.png in Resources */,
				535B97FD1AC9551C001652FD /* Logo S.png in Resources */,
				535B97EE1AC9551C001652FD /* Icon-Small-50.png in Resources */,
				535B97F01AC9551C001652FD /* Icon-Small.png in Resources */,
				535B97DE1AC9551C001652FD /* ButtonPressed.png in Resources */,
				535B97F11AC9551C001652FD /* Icon-Small@2x.png in Resources */,
				535B97DC1AC9551C001652FD /* Button.png in Resources */,
				535B97E31AC9551C001652FD /* CellBackgroundSelected@2x.png in Resources */,
				535B97F31AC9551C001652FD /* Icon@2x.png in Resources */,
				535B97FE1AC9551C001652FD /* Logo S@2x.png in Resources */,
				535B97EC1AC9551C001652FD /* Icon-72.png in Resources */,
				535B97F81AC9551C001652FD /* Logo Joker@2x.png in Resources */,
				535B97F51AC9551C001652FD /* Logo A.png in Resources */,
				535B97E71AC9551C001652FD /* ExitButton@2x.png in Resources */,
				535B97FB1AC9551C001652FD /* Logo P.png in Resources */,
				535B97FC1AC9551C001652FD /* Logo P@2x.png in Resources */,
				535B97F71AC9551C001652FD /* Logo Joker.png in Resources */,
				535B98021AC9551C001652FD /* TextField@2x.png in Resources */,
				535B97FA1AC9551C001652FD /* Logo N@2x.png in Resources */,
				535B97E21AC9551C001652FD /* CellBackgroundSelected.png in Resources */,
				535B97E91AC9551C001652FD /* ExitButtonPressed@2x.png in Resources */,
				535B97F41AC9551C001652FD /* iTunesArtwork in Resources */,
				535B97FF1AC9551C001652FD /* TableViewBorder.png in Resources */,
				535B97DF1AC9551C001652FD /* ButtonPressed@2x.png in Resources */,
				535B97ED1AC9551C001652FD /* Icon-72@2x.png in Resources */,
				535B97E11AC9551C001652FD /* CellBackground@2x.png in Resources */,
				535B98001AC9551C001652FD /* TableViewBorder@2x.png in Resources */,
				535B97EA1AC9551C001652FD /* Felt.png in Resources */,
				535B97EB1AC9551C001652FD /* Felt@2x.png in Resources */,
				535B97E41AC9551C001652FD /* Default.png in Resources */,
				535B97F61AC9551C001652FD /* Logo A@2x.png in Resources */,
				53040CDA1AC9529E00FB1B0F /* LaunchScreen.xib in Resources */,
				535B97E01AC9551C001652FD /* CellBackground.png in Resources */,
				535B97EF1AC9551C001652FD /* Icon-Small-50@2x.png in Resources */,
				53040CD71AC9529E00FB1B0F /* Images.xcassets in Resources */,
				53040CF71AC953AB00FB1B0F /* Info.plist in Resources */,
				535B97F91AC9551C001652FD /* Logo N.png in Resources */,
				535B97E51AC9551C001652FD /* Default@2x.png in Resources */,
				535B98011AC9551C001652FD /* TextField.png in Resources */,
				535B97E61AC9551C001652FD /* ExitButton.png in Resources */,
				53040CFC1AC953D600FB1B0F /* MainViewController.xib in Resources */,
			);
			runOnlyForDeploymentPostprocessing = 0;
		};
		53040CDD1AC9529E00FB1B0F /* Resources */ = {
			isa = PBXResourcesBuildPhase;
			buildActionMask = 2147483647;
			files = (
			);
			runOnlyForDeploymentPostprocessing = 0;
		};
/* End PBXResourcesBuildPhase section */

/* Begin PBXSourcesBuildPhase section */
		53040CC21AC9529E00FB1B0F /* Sources */ = {
			isa = PBXSourcesBuildPhase;
			buildActionMask = 2147483647;
			files = (
				53040CF51AC9537C00FB1B0F /* main.m in Sources */,
				53040CFB1AC953D600FB1B0F /* MainViewController.m in Sources */,
				53040CF31AC9537C00FB1B0F /* AppDelegate.m in Sources */,
			);
			runOnlyForDeploymentPostprocessing = 0;
		};
		53040CDB1AC9529E00FB1B0F /* Sources */ = {
			isa = PBXSourcesBuildPhase;
			buildActionMask = 2147483647;
			files = (
				53040CE61AC9529E00FB1B0F /* ZZSetCardTests.m in Sources */,
			);
			runOnlyForDeploymentPostprocessing = 0;
		};
/* End PBXSourcesBuildPhase section */

/* Begin PBXTargetDependency section */
		53040CE11AC9529E00FB1B0F /* PBXTargetDependency */ = {
			isa = PBXTargetDependency;
			target = 53040CC51AC9529E00FB1B0F /* ZZSetCard */;
			targetProxy = 53040CE01AC9529E00FB1B0F /* PBXContainerItemProxy */;
		};
/* End PBXTargetDependency section */

/* Begin PBXVariantGroup section */
		53040CD81AC9529E00FB1B0F /* LaunchScreen.xib */ = {
			isa = PBXVariantGroup;
			children = (
				53040CD91AC9529E00FB1B0F /* Base */,
			);
			name = LaunchScreen.xib;
			sourceTree = "<group>";
		};
/* End PBXVariantGroup section */

/* Begin XCBuildConfiguration section */
		53040CE71AC9529E00FB1B0F /* Debug */ = {
			isa = XCBuildConfiguration;
			buildSettings = {
				ALWAYS_SEARCH_USER_PATHS = NO;
				CLANG_CXX_LANGUAGE_STANDARD = "gnu++0x";
				CLANG_CXX_LIBRARY = "libc++";
				CLANG_ENABLE_MODULES = YES;
				CLANG_ENABLE_OBJC_ARC = YES;
				CLANG_WARN_BOOL_CONVERSION = YES;
				CLANG_WARN_CONSTANT_CONVERSION = YES;
				CLANG_WARN_DIRECT_OBJC_ISA_USAGE = YES_ERROR;
				CLANG_WARN_EMPTY_BODY = YES;
				CLANG_WARN_ENUM_CONVERSION = YES;
				CLANG_WARN_INT_CONVERSION = YES;
				CLANG_WARN_OBJC_ROOT_CLASS = YES_ERROR;
				CLANG_WARN_UNREACHABLE_CODE = YES;
				CLANG_WARN__DUPLICATE_METHOD_MATCH = YES;
				"CODE_SIGN_IDENTITY[sdk=iphoneos*]" = "iPhone Developer";
				COPY_PHASE_STRIP = NO;
				ENABLE_STRICT_OBJC_MSGSEND = YES;
				GCC_C_LANGUAGE_STANDARD = gnu99;
				GCC_DYNAMIC_NO_PIC = NO;
				GCC_OPTIMIZATION_LEVEL = 0;
				GCC_PREPROCESSOR_DEFINITIONS = (
					"DEBUG=1",
					"$(inherited)",
				);
				GCC_SYMBOLS_PRIVATE_EXTERN = NO;
				GCC_WARN_64_TO_32_BIT_CONVERSION = YES;
				GCC_WARN_ABOUT_RETURN_TYPE = YES_ERROR;
				GCC_WARN_UNDECLARED_SELECTOR = YES;
				GCC_WARN_UNINITIALIZED_AUTOS = YES_AGGRESSIVE;
				GCC_WARN_UNUSED_FUNCTION = YES;
				GCC_WARN_UNUSED_VARIABLE = YES;
				IPHONEOS_DEPLOYMENT_TARGET = 8.2;
				MTL_ENABLE_DEBUG_INFO = YES;
				ONLY_ACTIVE_ARCH = YES;
				SDKROOT = iphoneos;
			};
			name = Debug;
		};
		53040CE81AC9529E00FB1B0F /* Release */ = {
			isa = XCBuildConfiguration;
			buildSettings = {
				ALWAYS_SEARCH_USER_PATHS = NO;
				CLANG_CXX_LANGUAGE_STANDARD = "gnu++0x";
				CLANG_CXX_LIBRARY = "libc++";
				CLANG_ENABLE_MODULES = YES;
				CLANG_ENABLE_OBJC_ARC = YES;
				CLANG_WARN_BOOL_CONVERSION = YES;
				CLANG_WARN_CONSTANT_CONVERSION = YES;
				CLANG_WARN_DIRECT_OBJC_ISA_USAGE = YES_ERROR;
				CLANG_WARN_EMPTY_BODY = YES;
				CLANG_WARN_ENUM_CONVERSION = YES;
				CLANG_WARN_INT_CONVERSION = YES;
				CLANG_WARN_OBJC_ROOT_CLASS = YES_ERROR;
				CLANG_WARN_UNREACHABLE_CODE = YES;
				CLANG_WARN__DUPLICATE_METHOD_MATCH = YES;
				"CODE_SIGN_IDENTITY[sdk=iphoneos*]" = "iPhone Developer";
				COPY_PHASE_STRIP = NO;
				ENABLE_NS_ASSERTIONS = NO;
				ENABLE_STRICT_OBJC_MSGSEND = YES;
				GCC_C_LANGUAGE_STANDARD = gnu99;
				GCC_WARN_64_TO_32_BIT_CONVERSION = YES;
				GCC_WARN_ABOUT_RETURN_TYPE = YES_ERROR;
				GCC_WARN_UNDECLARED_SELECTOR = YES;
				GCC_WARN_UNINITIALIZED_AUTOS = YES_AGGRESSIVE;
				GCC_WARN_UNUSED_FUNCTION = YES;
				GCC_WARN_UNUSED_VARIABLE = YES;
				IPHONEOS_DEPLOYMENT_TARGET = 8.2;
				MTL_ENABLE_DEBUG_INFO = NO;
				SDKROOT = iphoneos;
				VALIDATE_PRODUCT = YES;
			};
			name = Release;
		};
		53040CEA1AC9529E00FB1B0F /* Debug */ = {
			isa = XCBuildConfiguration;
			buildSettings = {
				ASSETCATALOG_COMPILER_APPICON_NAME = AppIcon;
				GCC_PREFIX_HEADER = ZZSetCard/MyPH.pch;
				INFOPLIST_FILE = ZZSetCard/Info.plist;
				LD_RUNPATH_SEARCH_PATHS = "$(inherited) @executable_path/Frameworks";
				PRODUCT_NAME = "$(TARGET_NAME)";
			};
			name = Debug;
		};
		53040CEB1AC9529E00FB1B0F /* Release */ = {
			isa = XCBuildConfiguration;
			buildSettings = {
				ASSETCATALOG_COMPILER_APPICON_NAME = AppIcon;
				GCC_PREFIX_HEADER = ZZSetCard/MyPH.pch;
				INFOPLIST_FILE = ZZSetCard/Info.plist;
				LD_RUNPATH_SEARCH_PATHS = "$(inherited) @executable_path/Frameworks";
				PRODUCT_NAME = "$(TARGET_NAME)";
			};
			name = Release;
		};
		53040CED1AC9529E00FB1B0F /* Debug */ = {
			isa = XCBuildConfiguration;
			buildSettings = {
				BUNDLE_LOADER = "$(TEST_HOST)";
				FRAMEWORK_SEARCH_PATHS = (
					"$(SDKROOT)/Developer/Library/Frameworks",
					"$(inherited)",
				);
				GCC_PREPROCESSOR_DEFINITIONS = (
					"DEBUG=1",
					"$(inherited)",
				);
				INFOPLIST_FILE = ZZSetCardTests/Info.plist;
				LD_RUNPATH_SEARCH_PATHS = "$(inherited) @executable_path/Frameworks @loader_path/Frameworks";
				PRODUCT_NAME = "$(TARGET_NAME)";
				TEST_HOST = "$(BUILT_PRODUCTS_DIR)/ZZSetCard.app/ZZSetCard";
			};
			name = Debug;
		};
		53040CEE1AC9529E00FB1B0F /* Release */ = {
			isa = XCBuildConfiguration;
			buildSettings = {
				BUNDLE_LOADER = "$(TEST_HOST)";
				FRAMEWORK_SEARCH_PATHS = (
					"$(SDKROOT)/Developer/Library/Frameworks",
					"$(inherited)",
				);
				INFOPLIST_FILE = ZZSetCardTests/Info.plist;
				LD_RUNPATH_SEARCH_PATHS = "$(inherited) @executable_path/Frameworks @loader_path/Frameworks";
				PRODUCT_NAME = "$(TARGET_NAME)";
				TEST_HOST = "$(BUILT_PRODUCTS_DIR)/ZZSetCard.app/ZZSetCard";
			};
			name = Release;
		};
/* End XCBuildConfiguration section */

/* Begin XCConfigurationList section */
		53040CC11AC9529E00FB1B0F /* Build configuration list for PBXProject "ZZSetCard" */ = {
			isa = XCConfigurationList;
			buildConfigurations = (
				53040CE71AC9529E00FB1B0F /* Debug */,
				53040CE81AC9529E00FB1B0F /* Release */,
			);
			defaultConfigurationIsVisible = 0;
			defaultConfigurationName = Release;
		};
		53040CE91AC9529E00FB1B0F /* Build configuration list for PBXNativeTarget "ZZSetCard" */ = {
			isa = XCConfigurationList;
			buildConfigurations = (
				53040CEA1AC9529E00FB1B0F /* Debug */,
				53040CEB1AC9529E00FB1B0F /* Release */,
			);
			defaultConfigurationIsVisible = 0;
			defaultConfigurationName = Release;
		};
		53040CEC1AC9529E00FB1B0F /* Build configuration list for PBXNativeTarget "ZZSetCardTests" */ = {
			isa = XCConfigurationList;
			buildConfigurations = (
				53040CED1AC9529E00FB1B0F /* Debug */,
				53040CEE1AC9529E00FB1B0F /* Release */,
			);
			defaultConfigurationIsVisible = 0;
			defaultConfigurationName = Release;
		};
/* End XCConfigurationList section */
	};
	rootObject = 53040CBE1AC9529E00FB1B0F /* Project object */;
}
